
Microsoft Visual Studio Solution File, Format Version 12.00
# Visual Studio Version 16
VisualStudioVersion = 16.0.29613.14
MinimumVisualStudioVersion = 10.0.40219.1
Project("{FAE04EC0-301F-11D3-BF4B-00C04F79EFBC}") = "CameraEye", "CameraEye\CameraEye.csproj", "{2BD1EADA-7313-4B7F-AE25-461D06CEBBB7}"
EndProject
Global
	GlobalSection(SolutionConfigurationPlatforms) = preSolution
		Debug|Any CPU = Debug|Any CPU
		Release|Any CPU = Release|Any CPU
	EndGlobalSection
	GlobalSection(ProjectConfigurationPlatforms) = postSolution
		{2BD1EADA-7313-4B7F-AE25-461D06CEBBB7}.Debug|Any CPU.ActiveCfg = Debug|Any CPU
		{2BD1EADA-7313-4B7F-AE25-461D06CEBBB7}.Debug|Any CPU.Build.0 = Debug|Any CPU
		{2BD1EADA-7313-4B7F-AE25-461D06CEBBB7}.Release|Any CPU.ActiveCfg = Release|Any CPU
		{2BD1EADA-7313-4B7F-AE25-461D06CEBBB7}.Release|Any CPU.Build.0 = Release|Any CPU
	EndGlobalSection
	GlobalSection(SolutionProperties) = preSolution
		HideSolutionNode = FALSE
	EndGlobalSection
	GlobalSection(ExtensibilityGlobals) = postSolution
		SolutionGuid = {A6E325D0-6564-4E84-87A1-78E6413DCC66}
	EndGlobalSection
EndGlobal
